
Microsoft Visual Studio Solution File, Format Version 12.00
# Visual Studio Version 17
VisualStudioVersion = 17.9.34622.214
MinimumVisualStudioVersion = 10.0.40219.1
Project("{FAE04EC0-301F-11D3-BF4B-00C04F79EFBC}") = "QrSystem", "QrSystem.csproj", "{C9AD2AA8-5FE1-4362-B7BF-36825E4A92CB}"
EndProject
Global
	GlobalSection(SolutionConfigurationPlatforms) = preSolution
		Debug|Any CPU = Debug|Any CPU
		Release|Any CPU = Release|Any CPU
	EndGlobalSection
	GlobalSection(ProjectConfigurationPlatforms) = postSolution
		{C9AD2AA8-5FE1-4362-B7BF-36825E4A92CB}.Debug|Any CPU.ActiveCfg = Debug|Any CPU
		{C9AD2AA8-5FE1-4362-B7BF-36825E4A92CB}.Debug|Any CPU.Build.0 = Debug|Any CPU
		{C9AD2AA8-5FE1-4362-B7BF-36825E4A92CB}.Release|Any CPU.ActiveCfg = Release|Any CPU
		{C9AD2AA8-5FE1-4362-B7BF-36825E4A92CB}.Release|Any CPU.Build.0 = Release|Any CPU
	EndGlobalSection
	GlobalSection(SolutionProperties) = preSolution
		HideSolutionNode = FALSE
	EndGlobalSection
	GlobalSection(ExtensibilityGlobals) = postSolution
		SolutionGuid = {415F4BB6-FD84-4E66-87C1-3DAC4370FD5B}
	EndGlobalSection
EndGlobal
